
Microsoft Visual Studio Solution File, Format Version 12.00
# Visual Studio Version 16
VisualStudioVersion = 16.0.32002.261
MinimumVisualStudioVersion = 10.0.40219.1
Project("{FAE04EC0-301F-11D3-BF4B-00C04F79EFBC}") = "RestSharpAPI", "RestSharpAPI\RestSharpAPI.csproj", "{91927867-47B7-4D78-8E8A-8962D5DAB392}"
EndProject
Global
	GlobalSection(SolutionConfigurationPlatforms) = preSolution
		Debug|Any CPU = Debug|Any CPU
		Release|Any CPU = Release|Any CPU
	EndGlobalSection
	GlobalSection(ProjectConfigurationPlatforms) = postSolution
		{91927867-47B7-4D78-8E8A-8962D5DAB392}.Debug|Any CPU.ActiveCfg = Debug|Any CPU
		{91927867-47B7-4D78-8E8A-8962D5DAB392}.Debug|Any CPU.Build.0 = Debug|Any CPU
		{91927867-47B7-4D78-8E8A-8962D5DAB392}.Release|Any CPU.ActiveCfg = Release|Any CPU
		{91927867-47B7-4D78-8E8A-8962D5DAB392}.Release|Any CPU.Build.0 = Release|Any CPU
	EndGlobalSection
	GlobalSection(SolutionProperties) = preSolution
		HideSolutionNode = FALSE
	EndGlobalSection
	GlobalSection(ExtensibilityGlobals) = postSolution
		SolutionGuid = {FE7A8E6D-79BC-4F70-81E6-EE7AD62833C4}
	EndGlobalSection
EndGlobal
